// !$*UTF8*$!
{
	archiveVersion = 1;
	classes = {
	};
	objectVersion = 50;
	objects = {

/* Begin PBXBuildFile section */
		821BAA7B254287AC00D334CB /* LocationMapVC.swift in Sources */ = {isa = PBXBuildFile; fileRef = 821BAA7A254287AB00D334CB /* LocationMapVC.swift */; };
		82F1427D253E1737005108C2 /* AppDelegate.swift in Sources */ = {isa = PBXBuildFile; fileRef = 82F1427C253E1737005108C2 /* AppDelegate.swift */; };
		82F1427F253E1737005108C2 /* SceneDelegate.swift in Sources */ = {isa = PBXBuildFile; fileRef = 82F1427E253E1737005108C2 /* SceneDelegate.swift */; };
		82F14281253E1737005108C2 /* TabVC.swift in Sources */ = {isa = PBXBuildFile; fileRef = 82F14280253E1737005108C2 /* TabVC.swift */; };
		82F14284253E1737005108C2 /* Main.storyboard in Resources */ = {isa = PBXBuildFile; fileRef = 82F14282253E1737005108C2 /* Main.storyboard */; };
		82F14286253E1739005108C2 /* Assets.xcassets in Resources */ = {isa = PBXBuildFile; fileRef = 82F14285253E1739005108C2 /* Assets.xcassets */; };
		82F14289253E1739005108C2 /* LaunchScreen.storyboard in Resources */ = {isa = PBXBuildFile; fileRef = 82F14287253E1739005108C2 /* LaunchScreen.storyboard */; };
		82F14295253F4434005108C2 /* LoginVC.swift in Sources */ = {isa = PBXBuildFile; fileRef = 82F14294253F4434005108C2 /* LoginVC.swift */; };
		82F14298253F529B005108C2 /* UdacityClient.swift in Sources */ = {isa = PBXBuildFile; fileRef = 82F14297253F529B005108C2 /* UdacityClient.swift */; };
		82F1429B253F662D005108C2 /* LoginRequest.swift in Sources */ = {isa = PBXBuildFile; fileRef = 82F1429A253F662C005108C2 /* LoginRequest.swift */; };
		82F142A1253F7275005108C2 /* LoginResponse.swift in Sources */ = {isa = PBXBuildFile; fileRef = 82F142A0253F7275005108C2 /* LoginResponse.swift */; };
		82F142A9253F7EA1005108C2 /* LoginError.swift in Sources */ = {isa = PBXBuildFile; fileRef = 82F142A8253F7EA1005108C2 /* LoginError.swift */; };
		82F142AE2540FFB7005108C2 /* LocationTableVC.swift in Sources */ = {isa = PBXBuildFile; fileRef = 82F142AD2540FFB7005108C2 /* LocationTableVC.swift */; };
		82F142B225410148005108C2 /* StudentInformation.swift in Sources */ = {isa = PBXBuildFile; fileRef = 82F142B125410148005108C2 /* StudentInformation.swift */; };
		82F142B5254103D3005108C2 /* LocationModel.swift in Sources */ = {isa = PBXBuildFile; fileRef = 82F142B4254103D3005108C2 /* LocationModel.swift */; };
		82F142B8254105BA005108C2 /* StudentLocationResponse.swift in Sources */ = {isa = PBXBuildFile; fileRef = 82F142B7254105BA005108C2 /* StudentLocationResponse.swift */; };
/* End PBXBuildFile section */

/* Begin PBXFileReference section */
		821BAA7A254287AB00D334CB /* LocationMapVC.swift */ = {isa = PBXFileReference; lastKnownFileType = sourcecode.swift; path = LocationMapVC.swift; sourceTree = "<group>"; };
		82F14279253E1737005108C2 /* OnTheMap(UdacityProject4).app */ = {isa = PBXFileReference; explicitFileType = wrapper.application; includeInIndex = 0; path = "OnTheMap(UdacityProject4).app"; sourceTree = BUILT_PRODUCTS_DIR; };
		82F1427C253E1737005108C2 /* AppDelegate.swift */ = {isa = PBXFileReference; lastKnownFileType = sourcecode.swift; path = AppDelegate.swift; sourceTree = "<group>"; };
		82F1427E253E1737005108C2 /* SceneDelegate.swift */ = {isa = PBXFileReference; lastKnownFileType = sourcecode.swift; path = SceneDelegate.swift; sourceTree = "<group>"; };
		82F14280253E1737005108C2 /* TabVC.swift */ = {isa = PBXFileReference; lastKnownFileType = sourcecode.swift; path = TabVC.swift; sourceTree = "<group>"; };
		82F14283253E1737005108C2 /* Base */ = {isa = PBXFileReference; lastKnownFileType = file.storyboard; name = Base; path = Base.lproj/Main.storyboard; sourceTree = "<group>"; };
		82F14285253E1739005108C2 /* Assets.xcassets */ = {isa = PBXFileReference; lastKnownFileType = folder.assetcatalog; path = Assets.xcassets; sourceTree = "<group>"; };
		82F14288253E1739005108C2 /* Base */ = {isa = PBXFileReference; lastKnownFileType = file.storyboard; name = Base; path = Base.lproj/LaunchScreen.storyboard; sourceTree = "<group>"; };
		82F1428A253E1739005108C2 /* Info.plist */ = {isa = PBXFileReference; lastKnownFileType = text.plist.xml; path = Info.plist; sourceTree = "<group>"; };
		82F14294253F4434005108C2 /* LoginVC.swift */ = {isa = PBXFileReference; lastKnownFileType = sourcecode.swift; path = LoginVC.swift; sourceTree = "<group>"; };
		82F14297253F529B005108C2 /* UdacityClient.swift */ = {isa = PBXFileReference; lastKnownFileType = sourcecode.swift; path = UdacityClient.swift; sourceTree = "<group>"; };
		82F1429A253F662C005108C2 /* LoginRequest.swift */ = {isa = PBXFileReference; lastKnownFileType = sourcecode.swift; path = LoginRequest.swift; sourceTree = "<group>"; };
		82F142A0253F7275005108C2 /* LoginResponse.swift */ = {isa = PBXFileReference; lastKnownFileType = sourcecode.swift; path = LoginResponse.swift; sourceTree = "<group>"; };
		82F142A8253F7EA1005108C2 /* LoginError.swift */ = {isa = PBXFileReference; lastKnownFileType = sourcecode.swift; path = LoginError.swift; sourceTree = "<group>"; };
		82F142AD2540FFB7005108C2 /* LocationTableVC.swift */ = {isa = PBXFileReference; lastKnownFileType = sourcecode.swift; path = LocationTableVC.swift; sourceTree = "<group>"; };
		82F142B125410148005108C2 /* StudentInformation.swift */ = {isa = PBXFileReference; lastKnownFileType = sourcecode.swift; path = StudentInformation.swift; sourceTree = "<group>"; };
		82F142B4254103D3005108C2 /* LocationModel.swift */ = {isa = PBXFileReference; lastKnownFileType = sourcecode.swift; path = LocationModel.swift; sourceTree = "<group>"; };
		82F142B7254105BA005108C2 /* StudentLocationResponse.swift */ = {isa = PBXFileReference; lastKnownFileType = sourcecode.swift; path = StudentLocationResponse.swift; sourceTree = "<group>"; };
/* End PBXFileReference section */

/* Begin PBXFrameworksBuildPhase section */
		82F14276253E1737005108C2 /* Frameworks */ = {
			isa = PBXFrameworksBuildPhase;
			buildActionMask = 2147483647;
			files = (
			);
			runOnlyForDeploymentPostprocessing = 0;
		};
/* End PBXFrameworksBuildPhase section */

/* Begin PBXGroup section */
		82F14270253E1737005108C2 = {
			isa = PBXGroup;
			children = (
				82F1427B253E1737005108C2 /* OnTheMap(UdacityProject4) */,
				82F1427A253E1737005108C2 /* Products */,
			);
			sourceTree = "<group>";
		};
		82F1427A253E1737005108C2 /* Products */ = {
			isa = PBXGroup;
			children = (
				82F14279253E1737005108C2 /* OnTheMap(UdacityProject4).app */,
			);
			name = Products;
			sourceTree = "<group>";
		};
		82F1427B253E1737005108C2 /* OnTheMap(UdacityProject4) */ = {
			isa = PBXGroup;
			children = (
				82F14293253E4C74005108C2 /* Controller */,
				82F14292253E4C6F005108C2 /* View */,
				82F14291253E4C6A005108C2 /* Model */,
				82F1427C253E1737005108C2 /* AppDelegate.swift */,
				82F1427E253E1737005108C2 /* SceneDelegate.swift */,
				82F1428A253E1739005108C2 /* Info.plist */,
			);
			path = "OnTheMap(UdacityProject4)";
			sourceTree = "<group>";
		};
		82F14291253E4C6A005108C2 /* Model */ = {
			isa = PBXGroup;
			children = (
				82F142B025410093005108C2 /* Data */,
				82F142A7253F7E80005108C2 /* Errors */,
				82F142A4253F72DC005108C2 /* Udacity Client */,
				82F142A3253F727C005108C2 /* Udacity Responses */,
				82F1429E253F66DE005108C2 /* Udacity Requests */,
			);
			path = Model;
			sourceTree = "<group>";
		};
		82F14292253E4C6F005108C2 /* View */ = {
			isa = PBXGroup;
			children = (
				82F14287253E1739005108C2 /* LaunchScreen.storyboard */,
				82F14285253E1739005108C2 /* Assets.xcassets */,
				82F14282253E1737005108C2 /* Main.storyboard */,
			);
			path = View;
			sourceTree = "<group>";
		};
		82F14293253E4C74005108C2 /* Controller */ = {
			isa = PBXGroup;
			children = (
				82F14280253E1737005108C2 /* TabVC.swift */,
				82F14294253F4434005108C2 /* LoginVC.swift */,
				82F142AD2540FFB7005108C2 /* LocationTableVC.swift */,
				821BAA7A254287AB00D334CB /* LocationMapVC.swift */,
			);
			path = Controller;
			sourceTree = "<group>";
		};
		82F1429E253F66DE005108C2 /* Udacity Requests */ = {
			isa = PBXGroup;
			children = (
				82F1429A253F662C005108C2 /* LoginRequest.swift */,
			);
			path = "Udacity Requests";
			sourceTree = "<group>";
		};
		82F142A3253F727C005108C2 /* Udacity Responses */ = {
			isa = PBXGroup;
			children = (
				82F142A0253F7275005108C2 /* LoginResponse.swift */,
				82F142B7254105BA005108C2 /* StudentLocationResponse.swift */,
			);
			path = "Udacity Responses";
			sourceTree = "<group>";
		};
		82F142A4253F72DC005108C2 /* Udacity Client */ = {
			isa = PBXGroup;
			children = (
				82F14297253F529B005108C2 /* UdacityClient.swift */,
			);
			path = "Udacity Client";
			sourceTree = "<group>";
		};
		82F142A7253F7E80005108C2 /* Errors */ = {
			isa = PBXGroup;
			children = (
				82F142A8253F7EA1005108C2 /* LoginError.swift */,
			);
			path = Errors;
			sourceTree = "<group>";
		};
		82F142B025410093005108C2 /* Data */ = {
			isa = PBXGroup;
			children = (
				82F142B125410148005108C2 /* StudentInformation.swift */,
				82F142B4254103D3005108C2 /* LocationModel.swift */,
			);
			path = Data;
			sourceTree = "<group>";
		};
/* End PBXGroup section */

/* Begin PBXNativeTarget section */
		82F14278253E1737005108C2 /* OnTheMap(UdacityProject4) */ = {
			isa = PBXNativeTarget;
			buildConfigurationList = 82F1428D253E1739005108C2 /* Build configuration list for PBXNativeTarget "OnTheMap(UdacityProject4)" */;
			buildPhases = (
				82F14275253E1737005108C2 /* Sources */,
				82F14276253E1737005108C2 /* Frameworks */,
				82F14277253E1737005108C2 /* Resources */,
			);
			buildRules = (
			);
			dependencies = (
			);
			name = "OnTheMap(UdacityProject4)";
			productName = "OnTheMap(UdacityProject4)";
			productReference = 82F14279253E1737005108C2 /* OnTheMap(UdacityProject4).app */;
			productType = "com.apple.product-type.application";
		};
/* End PBXNativeTarget section */

/* Begin PBXProject section */
		82F14271253E1737005108C2 /* Project object */ = {
			isa = PBXProject;
			attributes = {
				LastSwiftUpdateCheck = 1200;
				LastUpgradeCheck = 1200;
				TargetAttributes = {
					82F14278253E1737005108C2 = {
						CreatedOnToolsVersion = 12.0.1;
					};
				};
			};
			buildConfigurationList = 82F14274253E1737005108C2 /* Build configuration list for PBXProject "OnTheMap(UdacityProject4)" */;
			compatibilityVersion = "Xcode 9.3";
			developmentRegion = en;
			hasScannedForEncodings = 0;
			knownRegions = (
				en,
				Base,
			);
			mainGroup = 82F14270253E1737005108C2;
			productRefGroup = 82F1427A253E1737005108C2 /* Products */;
			projectDirPath = "";
			projectRoot = "";
			targets = (
				82F14278253E1737005108C2 /* OnTheMap(UdacityProject4) */,
			);
		};
/* End PBXProject section */

/* Begin PBXResourcesBuildPhase section */
		82F14277253E1737005108C2 /* Resources */ = {
			isa = PBXResourcesBuildPhase;
			buildActionMask = 2147483647;
			files = (
				82F14289253E1739005108C2 /* LaunchScreen.storyboard in Resources */,
				82F14286253E1739005108C2 /* Assets.xcassets in Resources */,
				82F14284253E1737005108C2 /* Main.storyboard in Resources */,
			);
			runOnlyForDeploymentPostprocessing = 0;
		};
/* End PBXResourcesBuildPhase section */

/* Begin PBXSourcesBuildPhase section */
		82F14275253E1737005108C2 /* Sources */ = {
			isa = PBXSourcesBuildPhase;
			buildActionMask = 2147483647;
			files = (
				82F14298253F529B005108C2 /* UdacityClient.swift in Sources */,
				82F1429B253F662D005108C2 /* LoginRequest.swift in Sources */,
				82F14281253E1737005108C2 /* TabVC.swift in Sources */,
				82F142A9253F7EA1005108C2 /* LoginError.swift in Sources */,
				82F142AE2540FFB7005108C2 /* LocationTableVC.swift in Sources */,
				82F142B5254103D3005108C2 /* LocationModel.swift in Sources */,
				82F1427D253E1737005108C2 /* AppDelegate.swift in Sources */,
				82F142B8254105BA005108C2 /* StudentLocationResponse.swift in Sources */,
				821BAA7B254287AC00D334CB /* LocationMapVC.swift in Sources */,
				82F14295253F4434005108C2 /* LoginVC.swift in Sources */,
				82F1427F253E1737005108C2 /* SceneDelegate.swift in Sources */,
				82F142B225410148005108C2 /* StudentInformation.swift in Sources */,
				82F142A1253F7275005108C2 /* LoginResponse.swift in Sources */,
			);
			runOnlyForDeploymentPostprocessing = 0;
		};
/* End PBXSourcesBuildPhase section */

/* Begin PBXVariantGroup section */
		82F14282253E1737005108C2 /* Main.storyboard */ = {
			isa = PBXVariantGroup;
			children = (
				82F14283253E1737005108C2 /* Base */,
			);
			name = Main.storyboard;
			sourceTree = "<group>";
		};
		82F14287253E1739005108C2 /* LaunchScreen.storyboard */ = {
			isa = PBXVariantGroup;
			children = (
				82F14288253E1739005108C2 /* Base */,
			);
			name = LaunchScreen.storyboard;
			sourceTree = "<group>";
		};
/* End PBXVariantGroup section */

/* Begin XCBuildConfiguration section */
		82F1428B253E1739005108C2 /* Debug */ = {
			isa = XCBuildConfiguration;
			buildSettings = {
				ALWAYS_SEARCH_USER_PATHS = NO;
				CLANG_ANALYZER_NONNULL = YES;
				CLANG_ANALYZER_NUMBER_OBJECT_CONVERSION = YES_AGGRESSIVE;
				CLANG_CXX_LANGUAGE_STANDARD = "gnu++14";
				CLANG_CXX_LIBRARY = "libc++";
				CLANG_ENABLE_MODULES = YES;
				CLANG_ENABLE_OBJC_ARC = YES;
				CLANG_ENABLE_OBJC_WEAK = YES;
				CLANG_WARN_BLOCK_CAPTURE_AUTORELEASING = YES;
				CLANG_WARN_BOOL_CONVERSION = YES;
				CLANG_WARN_COMMA = YES;
				CLANG_WARN_CONSTANT_CONVERSION = YES;
				CLANG_WARN_DEPRECATED_OBJC_IMPLEMENTATIONS = YES;
				CLANG_WARN_DIRECT_OBJC_ISA_USAGE = YES_ERROR;
				CLANG_WARN_DOCUMENTATION_COMMENTS = YES;
				CLANG_WARN_EMPTY_BODY = YES;
				CLANG_WARN_ENUM_CONVERSION = YES;
				CLANG_WARN_INFINITE_RECURSION = YES;
				CLANG_WARN_INT_CONVERSION = YES;
				CLANG_WARN_NON_LITERAL_NULL_CONVERSION = YES;
				CLANG_WARN_OBJC_IMPLICIT_RETAIN_SELF = YES;
				CLANG_WARN_OBJC_LITERAL_CONVERSION = YES;
				CLANG_WARN_OBJC_ROOT_CLASS = YES_ERROR;
				CLANG_WARN_QUOTED_INCLUDE_IN_FRAMEWORK_HEADER = YES;
				CLANG_WARN_RANGE_LOOP_ANALYSIS = YES;
				CLANG_WARN_STRICT_PROTOTYPES = YES;
				CLANG_WARN_SUSPICIOUS_MOVE = YES;
				CLANG_WARN_UNGUARDED_AVAILABILITY = YES_AGGRESSIVE;
				CLANG_WARN_UNREACHABLE_CODE = YES;
				CLANG_WARN__DUPLICATE_METHOD_MATCH = YES;
				COPY_PHASE_STRIP = NO;
				DEBUG_INFORMATION_FORMAT = dwarf;
				ENABLE_STRICT_OBJC_MSGSEND = YES;
				ENABLE_TESTABILITY = YES;
				GCC_C_LANGUAGE_STANDARD = gnu11;
				GCC_DYNAMIC_NO_PIC = NO;
				GCC_NO_COMMON_BLOCKS = YES;
				GCC_OPTIMIZATION_LEVEL = 0;
				GCC_PREPROCESSOR_DEFINITIONS = (
					"DEBUG=1",
					"$(inherited)",
				);
				GCC_WARN_64_TO_32_BIT_CONVERSION = YES;
				GCC_WARN_ABOUT_RETURN_TYPE = YES_ERROR;
				GCC_WARN_UNDECLARED_SELECTOR = YES;
				GCC_WARN_UNINITIALIZED_AUTOS = YES_AGGRESSIVE;
				GCC_WARN_UNUSED_FUNCTION = YES;
				GCC_WARN_UNUSED_VARIABLE = YES;
				IPHONEOS_DEPLOYMENT_TARGET = 14.0;
				MTL_ENABLE_DEBUG_INFO = INCLUDE_SOURCE;
				MTL_FAST_MATH = YES;
				ONLY_ACTIVE_ARCH = YES;
				SDKROOT = iphoneos;
				SWIFT_ACTIVE_COMPILATION_CONDITIONS = DEBUG;
				SWIFT_OPTIMIZATION_LEVEL = "-Onone";
			};
			name = Debug;
		};
		82F1428C253E1739005108C2 /* Release */ = {
			isa = XCBuildConfiguration;
			buildSettings = {
				ALWAYS_SEARCH_USER_PATHS = NO;
				CLANG_ANALYZER_NONNULL = YES;
				CLANG_ANALYZER_NUMBER_OBJECT_CONVERSION = YES_AGGRESSIVE;
				CLANG_CXX_LANGUAGE_STANDARD = "gnu++14";
				CLANG_CXX_LIBRARY = "libc++";
				CLANG_ENABLE_MODULES = YES;
				CLANG_ENABLE_OBJC_ARC = YES;
				CLANG_ENABLE_OBJC_WEAK = YES;
				CLANG_WARN_BLOCK_CAPTURE_AUTORELEASING = YES;
				CLANG_WARN_BOOL_CONVERSION = YES;
				CLANG_WARN_COMMA = YES;
				CLANG_WARN_CONSTANT_CONVERSION = YES;
				CLANG_WARN_DEPRECATED_OBJC_IMPLEMENTATIONS = YES;
				CLANG_WARN_DIRECT_OBJC_ISA_USAGE = YES_ERROR;
				CLANG_WARN_DOCUMENTATION_COMMENTS = YES;
				CLANG_WARN_EMPTY_BODY = YES;
				CLANG_WARN_ENUM_CONVERSION = YES;
				CLANG_WARN_INFINITE_RECURSION = YES;
				CLANG_WARN_INT_CONVERSION = YES;
				CLANG_WARN_NON_LITERAL_NULL_CONVERSION = YES;
				CLANG_WARN_OBJC_IMPLICIT_RETAIN_SELF = YES;
				CLANG_WARN_OBJC_LITERAL_CONVERSION = YES;
				CLANG_WARN_OBJC_ROOT_CLASS = YES_ERROR;
				CLANG_WARN_QUOTED_INCLUDE_IN_FRAMEWORK_HEADER = YES;
				CLANG_WARN_RANGE_LOOP_ANALYSIS = YES;
				CLANG_WARN_STRICT_PROTOTYPES = YES;
				CLANG_WARN_SUSPICIOUS_MOVE = YES;
				CLANG_WARN_UNGUARDED_AVAILABILITY = YES_AGGRESSIVE;
				CLANG_WARN_UNREACHABLE_CODE = YES;
				CLANG_WARN__DUPLICATE_METHOD_MATCH = YES;
				COPY_PHASE_STRIP = NO;
				DEBUG_INFORMATION_FORMAT = "dwarf-with-dsym";
				ENABLE_NS_ASSERTIONS = NO;
				ENABLE_STRICT_OBJC_MSGSEND = YES;
				GCC_C_LANGUAGE_STANDARD = gnu11;
				GCC_NO_COMMON_BLOCKS = YES;
				GCC_WARN_64_TO_32_BIT_CONVERSION = YES;
				GCC_WARN_ABOUT_RETURN_TYPE = YES_ERROR;
				GCC_WARN_UNDECLARED_SELECTOR = YES;
				GCC_WARN_UNINITIALIZED_AUTOS = YES_AGGRESSIVE;
				GCC_WARN_UNUSED_FUNCTION = YES;
				GCC_WARN_UNUSED_VARIABLE = YES;
				IPHONEOS_DEPLOYMENT_TARGET = 14.0;
				MTL_ENABLE_DEBUG_INFO = NO;
				MTL_FAST_MATH = YES;
				SDKROOT = iphoneos;
				SWIFT_COMPILATION_MODE = wholemodule;
				SWIFT_OPTIMIZATION_LEVEL = "-O";
				VALIDATE_PRODUCT = YES;
			};
			name = Release;
		};
		82F1428E253E1739005108C2 /* Debug */ = {
			isa = XCBuildConfiguration;
			buildSettings = {
				ASSETCATALOG_COMPILER_APPICON_NAME = AppIcon;
				ASSETCATALOG_COMPILER_GLOBAL_ACCENT_COLOR_NAME = AccentColor;
				CODE_SIGN_STYLE = Automatic;
				DEVELOPMENT_TEAM = 863D5G6U7P;
				INFOPLIST_FILE = "OnTheMap(UdacityProject4)/Info.plist";
				LD_RUNPATH_SEARCH_PATHS = (
					"$(inherited)",
					"@executable_path/Frameworks",
				);
				PRODUCT_BUNDLE_IDENTIFIER = "com.CedricMorier-Roy.OnTheMap-UdacityProject4-";
				PRODUCT_NAME = "$(TARGET_NAME)";
				SWIFT_VERSION = 5.0;
				TARGETED_DEVICE_FAMILY = "1,2";
			};
			name = Debug;
		};
		82F1428F253E1739005108C2 /* Release */ = {
			isa = XCBuildConfiguration;
			buildSettings = {
				ASSETCATALOG_COMPILER_APPICON_NAME = AppIcon;
				ASSETCATALOG_COMPILER_GLOBAL_ACCENT_COLOR_NAME = AccentColor;
				CODE_SIGN_STYLE = Automatic;
				DEVELOPMENT_TEAM = 863D5G6U7P;
				INFOPLIST_FILE = "OnTheMap(UdacityProject4)/Info.plist";
				LD_RUNPATH_SEARCH_PATHS = (
					"$(inherited)",
					"@executable_path/Frameworks",
				);
				PRODUCT_BUNDLE_IDENTIFIER = "com.CedricMorier-Roy.OnTheMap-UdacityProject4-";
				PRODUCT_NAME = "$(TARGET_NAME)";
				SWIFT_VERSION = 5.0;
				TARGETED_DEVICE_FAMILY = "1,2";
			};
			name = Release;
		};
/* End XCBuildConfiguration section */

/* Begin XCConfigurationList section */
		82F14274253E1737005108C2 /* Build configuration list for PBXProject "OnTheMap(UdacityProject4)" */ = {
			isa = XCConfigurationList;
			buildConfigurations = (
				82F1428B253E1739005108C2 /* Debug */,
				82F1428C253E1739005108C2 /* Release */,
			);
			defaultConfigurationIsVisible = 0;
			defaultConfigurationName = Release;
		};
		82F1428D253E1739005108C2 /* Build configuration list for PBXNativeTarget "OnTheMap(UdacityProject4)" */ = {
			isa = XCConfigurationList;
			buildConfigurations = (
				82F1428E253E1739005108C2 /* Debug */,
				82F1428F253E1739005108C2 /* Release */,
			);
			defaultConfigurationIsVisible = 0;
			defaultConfigurationName = Release;
		};
/* End XCConfigurationList section */
	};
	rootObject = 82F14271253E1737005108C2 /* Project object */;
}
